{
  "projects": [
    {
      "projectId": "seaQhLVS4bbjiGvJJrRwyL",
      "version": "15.0.3",
      "dependencies": {},
      "lang": "js",
      "fileLocks": [
        {
          "assetId": "seaQhLVS4bbjiGvJJrRwyL",
          "type": "projectCss",
          "checksum": "92fb3f0ca07a8916b2b57cc87f1b539e"
        }
      ],
      "codegenVersion": "0.0.1"
    },
    {
      "projectId": "7PWhVDCMZ15JiqJEJw5gPF",
      "version": "latest",
      "dependencies": {
        "seaQhLVS4bbjiGvJJrRwyL": "15.0.3"
      },
      "lang": "js",
      "fileLocks": [
        {
          "type": "globalVariant",
          "assetId": "cVh2_yr2bT-6Rn",
          "checksum": "2d4d9cdc0b60df3c3b88812a57467685"
        },
        {
          "assetId": "7PWhVDCMZ15JiqJEJw5gPF",
          "type": "projectCss",
          "checksum": "977d0213b7ec41c1e8c01b0464e7b64c"
        },
        {
          "type": "renderModule",
          "assetId": "xXOsFDuWDqZKN",
          "checksum": "440d1ad4f1b0eb60f5d6883940da226a"
        },
        {
          "type": "cssRules",
          "assetId": "xXOsFDuWDqZKN",
          "checksum": "440d1ad4f1b0eb60f5d6883940da226a"
        },
        {
          "type": "renderModule",
          "assetId": "dVUU0mgGH4ZcJ",
          "checksum": "20e8fb3ebe84e355165f1f871dc8f459"
        },
        {
          "type": "cssRules",
          "assetId": "dVUU0mgGH4ZcJ",
          "checksum": "20e8fb3ebe84e355165f1f871dc8f459"
        },
        {
          "type": "renderModule",
          "assetId": "vTWUZZbfL_Mk4",
          "checksum": "eda17f45bf2394b1e70aa308de1dc61a"
        },
        {
          "type": "cssRules",
          "assetId": "vTWUZZbfL_Mk4",
          "checksum": "eda17f45bf2394b1e70aa308de1dc61a"
        },
        {
          "type": "renderModule",
          "assetId": "ul7Xuat0no5Re",
          "checksum": "1769ec65122b1da6d3aaf8b058966eef"
        },
        {
          "type": "cssRules",
          "assetId": "ul7Xuat0no5Re",
          "checksum": "1769ec65122b1da6d3aaf8b058966eef"
        },
        {
          "type": "renderModule",
          "assetId": "8YmyARuxDPKEH",
          "checksum": "04e6b509274eb389d341d8af46d89dbb"
        },
        {
          "type": "cssRules",
          "assetId": "8YmyARuxDPKEH",
          "checksum": "04e6b509274eb389d341d8af46d89dbb"
        },
        {
          "type": "renderModule",
          "assetId": "3WL8UIeY40Xxp",
          "checksum": "6519d17e787ef0f96fdd6eb7e36d3d90"
        },
        {
          "type": "cssRules",
          "assetId": "3WL8UIeY40Xxp",
          "checksum": "6519d17e787ef0f96fdd6eb7e36d3d90"
        },
        {
          "type": "renderModule",
          "assetId": "sLCO1vUtTCpuot",
          "checksum": "ca5d2748962a3a4ab1e63f90cf505bce"
        },
        {
          "type": "cssRules",
          "assetId": "sLCO1vUtTCpuot",
          "checksum": "ca5d2748962a3a4ab1e63f90cf505bce"
        },
        {
          "type": "renderModule",
          "assetId": "0EL6prSTKgttmy",
          "checksum": "c3d25ff7de4b519effd2a453beb6824d"
        },
        {
          "type": "cssRules",
          "assetId": "0EL6prSTKgttmy",
          "checksum": "c3d25ff7de4b519effd2a453beb6824d"
        },
        {
          "type": "renderModule",
          "assetId": "vBrpxbvEoDIx4E",
          "checksum": "b9ee309445c2924bb1894ec5ce2e24ad"
        },
        {
          "type": "cssRules",
          "assetId": "vBrpxbvEoDIx4E",
          "checksum": "b9ee309445c2924bb1894ec5ce2e24ad"
        },
        {
          "type": "renderModule",
          "assetId": "Emplbv0ic9RERK",
          "checksum": "b64bf4d97676d0a5c88030890133d8e5"
        },
        {
          "type": "cssRules",
          "assetId": "Emplbv0ic9RERK",
          "checksum": "b64bf4d97676d0a5c88030890133d8e5"
        },
        {
          "type": "renderModule",
          "assetId": "jubWDBwZWY_agQ",
          "checksum": "588e1ca49eaa34dc3a63ead68abea380"
        },
        {
          "type": "cssRules",
          "assetId": "jubWDBwZWY_agQ",
          "checksum": "588e1ca49eaa34dc3a63ead68abea380"
        },
        {
          "type": "renderModule",
          "assetId": "hd0OPd1HbcYmXl",
          "checksum": "87530a5312c15a074affc887503a2530"
        },
        {
          "type": "cssRules",
          "assetId": "hd0OPd1HbcYmXl",
          "checksum": "87530a5312c15a074affc887503a2530"
        },
        {
          "type": "renderModule",
          "assetId": "j3KsG080xcLwaw",
          "checksum": "8ce6e72c0d043ae8f335c59b448d2789"
        },
        {
          "type": "cssRules",
          "assetId": "j3KsG080xcLwaw",
          "checksum": "8ce6e72c0d043ae8f335c59b448d2789"
        },
        {
          "type": "renderModule",
          "assetId": "7_Ac2aDHQtkp6c",
          "checksum": "d2b13fa1a220c73b07bd3d5aa870aff0"
        },
        {
          "type": "cssRules",
          "assetId": "7_Ac2aDHQtkp6c",
          "checksum": "d2b13fa1a220c73b07bd3d5aa870aff0"
        },
        {
          "type": "renderModule",
          "assetId": "RJpKuFAOmK6A5p",
          "checksum": "3e3ddc5305da2886486a3a70d0d6636f"
        },
        {
          "type": "cssRules",
          "assetId": "RJpKuFAOmK6A5p",
          "checksum": "3e3ddc5305da2886486a3a70d0d6636f"
        },
        {
          "type": "renderModule",
          "assetId": "VT6AqwfEgVb_3q",
          "checksum": "302b1e40827a3defeb650fe930fc48fe"
        },
        {
          "type": "cssRules",
          "assetId": "VT6AqwfEgVb_3q",
          "checksum": "302b1e40827a3defeb650fe930fc48fe"
        },
        {
          "type": "renderModule",
          "assetId": "z_bCDplD_j4sTZ",
          "checksum": "5487c54e9873a1cd8d831b5eb470d817"
        },
        {
          "type": "cssRules",
          "assetId": "z_bCDplD_j4sTZ",
          "checksum": "5487c54e9873a1cd8d831b5eb470d817"
        },
        {
          "type": "icon",
          "assetId": "hWvK103m5gRlOs",
          "checksum": "dac4dcb42a101f61107642c3ad75517b"
        },
        {
          "type": "icon",
          "assetId": "ukx9457I8A6hbg",
          "checksum": "f60c3a486a2d925e0fdca7aa72d7e108"
        },
        {
          "type": "icon",
          "assetId": "v37c2DYKk6J4UT",
          "checksum": "afb46166a388921536cd3fc04b8d4d1f"
        },
        {
          "type": "icon",
          "assetId": "qVP9nW5BpSNFTT",
          "checksum": "f624f8053b4a12ab6f0d2c27b3c94db4"
        },
        {
          "type": "icon",
          "assetId": "aeran8tkvilG4_",
          "checksum": "845590834f035ca5945cbc4ece3f3762"
        },
        {
          "type": "icon",
          "assetId": "zPN6LvwKO-6ybS",
          "checksum": "e8f62fffe078d3c77804dfee460c377c"
        },
        {
          "type": "icon",
          "assetId": "dIgH7CgjM9nPiy",
          "checksum": "9b4f3f76a86ba2cd30299522b9cfb837"
        },
        {
          "type": "icon",
          "assetId": "awTn2tQ9ugnPy7",
          "checksum": "a9db7e063d635f6320eae5b189837106"
        },
        {
          "type": "icon",
          "assetId": "rLX5WI4s0PhUY6",
          "checksum": "f7f29f39fab3fc7a2f9e9ba04c64306d"
        },
        {
          "type": "icon",
          "assetId": "Pue6P9eUzX4tWv",
          "checksum": "0aaff3dbd9a4e572be7cafd091c5bd69"
        },
        {
          "type": "icon",
          "assetId": "u6AR67DNS4FKnJ",
          "checksum": "6cca3a62861519cc24c6c4787b05e913"
        },
        {
          "type": "icon",
          "assetId": "pc1Z_Vc2LWumoa",
          "checksum": "4acf558e81cf764b7374d1c722ecd930"
        },
        {
          "type": "icon",
          "assetId": "qmtr2TLTVZiR-Z",
          "checksum": "10ad9a8717c8f12865a8792cc8ba5f1d"
        },
        {
          "type": "icon",
          "assetId": "5a-pUX2pqTGI_k",
          "checksum": "fb0580a09e2de4679a7833ec2c66a493"
        },
        {
          "type": "icon",
          "assetId": "sNQ73Ah1PQGqIf",
          "checksum": "7850097c001f3d98dcb4ec7490582c8a"
        },
        {
          "type": "icon",
          "assetId": "parbjPRuJg3iqg",
          "checksum": "3e7a1e40024503d865bd57eca1055bd6"
        },
        {
          "type": "icon",
          "assetId": "Hi7rukdN3bUp7Q",
          "checksum": "6bf2cf844afb7911bbc21977969867de"
        },
        {
          "type": "icon",
          "assetId": "Ji4_sIIKkOxYGh",
          "checksum": "a4f4a6ebc834059b77b151d5d794a6d7"
        },
        {
          "type": "icon",
          "assetId": "JKTIi7b6b57_Cj",
          "checksum": "cff18189cf5ec0601d78d1688b3b0fe6"
        },
        {
          "type": "icon",
          "assetId": "O6pCitZif5T8PC",
          "checksum": "5295b03cfc2c98af5b5d9a659269c4fc"
        },
        {
          "type": "icon",
          "assetId": "KAcn-iaE8-GUag",
          "checksum": "38d93704fa7b68f2cb6b03982c198266"
        },
        {
          "type": "icon",
          "assetId": "LnmyANvj7ppPw0",
          "checksum": "866f3286183ff22fb39dd652cbaced80"
        },
        {
          "type": "image",
          "assetId": "NnVHUaoyR6He0r",
          "checksum": "d7d61086346b57ad489f137b360c295c"
        },
        {
          "type": "image",
          "assetId": "b-_NQt6YXQJ2QI",
          "checksum": "69b4f1c41bb4ec663e15d1987ce24234"
        },
        {
          "type": "image",
          "assetId": "SpSwqpZ1QJ1QXy",
          "checksum": "9e057455172ab20b077f36b22fc09273"
        },
        {
          "type": "image",
          "assetId": "P2qk9J3uX-YoR8",
          "checksum": "f53261b1b3b1c22a3b886fb77741a78b"
        }
      ],
      "codegenVersion": "0.0.1"
    }
  ],
  "cliVersion": "0.1.184"
}
